
Microsoft Visual Studio Solution File, Format Version 12.00
# Visual Studio 15
VisualStudioVersion = 15.0.28010.2041
MinimumVisualStudioVersion = 10.0.40219.1
Project("{FAE04EC0-301F-11D3-BF4B-00C04F79EFBC}") = "Kinship.Android", "Kinship\Kinship.Android\Kinship.Android.csproj", "{E3A41EEE-CB7F-446A-812E-45529B3DD7B1}"
EndProject
Project("{FAE04EC0-301F-11D3-BF4B-00C04F79EFBC}") = "Kinship.iOS", "Kinship\Kinship.iOS\Kinship.iOS.csproj", "{6231B10D-1302-4D38-B5E8-B0B197861F26}"
EndProject
Project("{FAE04EC0-301F-11D3-BF4B-00C04F79EFBC}") = "Kinship.UWP", "Kinship\Kinship.UWP\Kinship.UWP.csproj", "{E5C436E0-A8D8-4812-A6CC-6C30B915785F}"
EndProject
Project("{FAE04EC0-301F-11D3-BF4B-00C04F79EFBC}") = "Kinship", "Kinship\Kinship\Kinship.csproj", "{43F71299-FAEB-4C9C-9603-8EF22D2E62AB}"
EndProject
Global
	GlobalSection(SolutionConfigurationPlatforms) = preSolution
		Ad-Hoc|Any CPU = Ad-Hoc|Any CPU
		Ad-Hoc|ARM = Ad-Hoc|ARM
		Ad-Hoc|iPhone = Ad-Hoc|iPhone
		Ad-Hoc|iPhoneSimulator = Ad-Hoc|iPhoneSimulator
		Ad-Hoc|x64 = Ad-Hoc|x64
		Ad-Hoc|x86 = Ad-Hoc|x86
		AppStore|Any CPU = AppStore|Any CPU
		AppStore|ARM = AppStore|ARM
		AppStore|iPhone = AppStore|iPhone
		AppStore|iPhoneSimulator = AppStore|iPhoneSimulator
		AppStore|x64 = AppStore|x64
		AppStore|x86 = AppStore|x86
		Debug|Any CPU = Debug|Any CPU
		Debug|ARM = Debug|ARM
		Debug|iPhone = Debug|iPhone
		Debug|iPhoneSimulator = Debug|iPhoneSimulator
		Debug|x64 = Debug|x64
		Debug|x86 = Debug|x86
		Release|Any CPU = Release|Any CPU
		Release|ARM = Release|ARM
		Release|iPhone = Release|iPhone
		Release|iPhoneSimulator = Release|iPhoneSimulator
		Release|x64 = Release|x64
		Release|x86 = Release|x86
	EndGlobalSection
	GlobalSection(ProjectConfigurationPlatforms) = postSolution
		{E3A41EEE-CB7F-446A-812E-45529B3DD7B1}.Ad-Hoc|Any CPU.ActiveCfg = Release|Any CPU
		{E3A41EEE-CB7F-446A-812E-45529B3DD7B1}.Ad-Hoc|Any CPU.Build.0 = Release|Any CPU
		{E3A41EEE-CB7F-446A-812E-45529B3DD7B1}.Ad-Hoc|Any CPU.Deploy.0 = Release|Any CPU
		{E3A41EEE-CB7F-446A-812E-45529B3DD7B1}.Ad-Hoc|ARM.ActiveCfg = Release|Any CPU
		{E3A41EEE-CB7F-446A-812E-45529B3DD7B1}.Ad-Hoc|ARM.Build.0 = Release|Any CPU
		{E3A41EEE-CB7F-446A-812E-45529B3DD7B1}.Ad-Hoc|ARM.Deploy.0 = Release|Any CPU
		{E3A41EEE-CB7F-446A-812E-45529B3DD7B1}.Ad-Hoc|iPhone.ActiveCfg = Release|Any CPU
		{E3A41EEE-CB7F-446A-812E-45529B3DD7B1}.Ad-Hoc|iPhone.Build.0 = Release|Any CPU
		{E3A41EEE-CB7F-446A-812E-45529B3DD7B1}.Ad-Hoc|iPhone.Deploy.0 = Release|Any CPU
		{E3A41EEE-CB7F-446A-812E-45529B3DD7B1}.Ad-Hoc|iPhoneSimulator.ActiveCfg = Release|Any CPU
		{E3A41EEE-CB7F-446A-812E-45529B3DD7B1}.Ad-Hoc|iPhoneSimulator.Build.0 = Release|Any CPU
		{E3A41EEE-CB7F-446A-812E-45529B3DD7B1}.Ad-Hoc|iPhoneSimulator.Deploy.0 = Release|Any CPU
		{E3A41EEE-CB7F-446A-812E-45529B3DD7B1}.Ad-Hoc|x64.ActiveCfg = Release|Any CPU
		{E3A41EEE-CB7F-446A-812E-45529B3DD7B1}.Ad-Hoc|x64.Build.0 = Release|Any CPU
		{E3A41EEE-CB7F-446A-812E-45529B3DD7B1}.Ad-Hoc|x64.Deploy.0 = Release|Any CPU
		{E3A41EEE-CB7F-446A-812E-45529B3DD7B1}.Ad-Hoc|x86.ActiveCfg = Release|Any CPU
		{E3A41EEE-CB7F-446A-812E-45529B3DD7B1}.Ad-Hoc|x86.Build.0 = Release|Any CPU
		{E3A41EEE-CB7F-446A-812E-45529B3DD7B1}.Ad-Hoc|x86.Deploy.0 = Release|Any CPU
		{E3A41EEE-CB7F-446A-812E-45529B3DD7B1}.AppStore|Any CPU.ActiveCfg = Release|Any CPU
		{E3A41EEE-CB7F-446A-812E-45529B3DD7B1}.AppStore|Any CPU.Build.0 = Release|Any CPU
		{E3A41EEE-CB7F-446A-812E-45529B3DD7B1}.AppStore|Any CPU.Deploy.0 = Release|Any CPU
		{E3A41EEE-CB7F-446A-812E-45529B3DD7B1}.AppStore|ARM.ActiveCfg = Release|Any CPU
		{E3A41EEE-CB7F-446A-812E-45529B3DD7B1}.AppStore|ARM.Build.0 = Release|Any CPU
		{E3A41EEE-CB7F-446A-812E-45529B3DD7B1}.AppStore|ARM.Deploy.0 = Release|Any CPU
		{E3A41EEE-CB7F-446A-812E-45529B3DD7B1}.AppStore|iPhone.ActiveCfg = Release|Any CPU
		{E3A41EEE-CB7F-446A-812E-45529B3DD7B1}.AppStore|iPhone.Build.0 = Release|Any CPU
		{E3A41EEE-CB7F-446A-812E-45529B3DD7B1}.AppStore|iPhone.Deploy.0 = Release|Any CPU
		{E3A41EEE-CB7F-446A-812E-45529B3DD7B1}.AppStore|iPhoneSimulator.ActiveCfg = Release|Any CPU
		{E3A41EEE-CB7F-446A-812E-45529B3DD7B1}.AppStore|iPhoneSimulator.Build.0 = Release|Any CPU
		{E3A41EEE-CB7F-446A-812E-45529B3DD7B1}.AppStore|iPhoneSimulator.Deploy.0 = Release|Any CPU
		{E3A41EEE-CB7F-446A-812E-45529B3DD7B1}.AppStore|x64.ActiveCfg = Release|Any CPU
		{E3A41EEE-CB7F-446A-812E-45529B3DD7B1}.AppStore|x64.Build.0 = Release|Any CPU
		{E3A41EEE-CB7F-446A-812E-45529B3DD7B1}.AppStore|x64.Deploy.0 = Release|Any CPU
		{E3A41EEE-CB7F-446A-812E-45529B3DD7B1}.AppStore|x86.ActiveCfg = Release|Any CPU
		{E3A41EEE-CB7F-446A-812E-45529B3DD7B1}.AppStore|x86.Build.0 = Release|Any CPU
		{E3A41EEE-CB7F-446A-812E-45529B3DD7B1}.AppStore|x86.Deploy.0 = Release|Any CPU
		{E3A41EEE-CB7F-446A-812E-45529B3DD7B1}.Debug|Any CPU.ActiveCfg = Debug|Any CPU
		{E3A41EEE-CB7F-446A-812E-45529B3DD7B1}.Debug|Any CPU.Build.0 = Debug|Any CPU
		{E3A41EEE-CB7F-446A-812E-45529B3DD7B1}.Debug|Any CPU.Deploy.0 = Debug|Any CPU
		{E3A41EEE-CB7F-446A-812E-45529B3DD7B1}.Debug|ARM.ActiveCfg = Debug|Any CPU
		{E3A41EEE-CB7F-446A-812E-45529B3DD7B1}.Debug|ARM.Build.0 = Debug|Any CPU
		{E3A41EEE-CB7F-446A-812E-45529B3DD7B1}.Debug|ARM.Deploy.0 = Debug|Any CPU
		{E3A41EEE-CB7F-446A-812E-45529B3DD7B1}.Debug|iPhone.ActiveCfg = Debug|Any CPU
		{E3A41EEE-CB7F-446A-812E-45529B3DD7B1}.Debug|iPhone.Build.0 = Debug|Any CPU
		{E3A41EEE-CB7F-446A-812E-45529B3DD7B1}.Debug|iPhone.Deploy.0 = Debug|Any CPU
		{E3A41EEE-CB7F-446A-812E-45529B3DD7B1}.Debug|iPhoneSimulator.ActiveCfg = Debug|Any CPU
		{E3A41EEE-CB7F-446A-812E-45529B3DD7B1}.Debug|iPhoneSimulator.Build.0 = Debug|Any CPU
		{E3A41EEE-CB7F-446A-812E-45529B3DD7B1}.Debug|iPhoneSimulator.Deploy.0 = Debug|Any CPU
		{E3A41EEE-CB7F-446A-812E-45529B3DD7B1}.Debug|x64.ActiveCfg = Debug|Any CPU
		{E3A41EEE-CB7F-446A-812E-45529B3DD7B1}.Debug|x64.Build.0 = Debug|Any CPU
		{E3A41EEE-CB7F-446A-812E-45529B3DD7B1}.Debug|x64.Deploy.0 = Debug|Any CPU
		{E3A41EEE-CB7F-446A-812E-45529B3DD7B1}.Debug|x86.ActiveCfg = Debug|Any CPU
		{E3A41EEE-CB7F-446A-812E-45529B3DD7B1}.Debug|x86.Build.0 = Debug|Any CPU
		{E3A41EEE-CB7F-446A-812E-45529B3DD7B1}.Debug|x86.Deploy.0 = Debug|Any CPU
		{E3A41EEE-CB7F-446A-812E-45529B3DD7B1}.Release|Any CPU.ActiveCfg = Release|Any CPU
		{E3A41EEE-CB7F-446A-812E-45529B3DD7B1}.Release|Any CPU.Build.0 = Release|Any CPU
		{E3A41EEE-CB7F-446A-812E-45529B3DD7B1}.Release|Any CPU.Deploy.0 = Release|Any CPU
		{E3A41EEE-CB7F-446A-812E-45529B3DD7B1}.Release|ARM.ActiveCfg = Release|Any CPU
		{E3A41EEE-CB7F-446A-812E-45529B3DD7B1}.Release|ARM.Build.0 = Release|Any CPU
		{E3A41EEE-CB7F-446A-812E-45529B3DD7B1}.Release|ARM.Deploy.0 = Release|Any CPU
		{E3A41EEE-CB7F-446A-812E-45529B3DD7B1}.Release|iPhone.ActiveCfg = Release|Any CPU
		{E3A41EEE-CB7F-446A-812E-45529B3DD7B1}.Release|iPhone.Build.0 = Release|Any CPU
		{E3A41EEE-CB7F-446A-812E-45529B3DD7B1}.Release|iPhone.Deploy.0 = Release|Any CPU
		{E3A41EEE-CB7F-446A-812E-45529B3DD7B1}.Release|iPhoneSimulator.ActiveCfg = Release|Any CPU
		{E3A41EEE-CB7F-446A-812E-45529B3DD7B1}.Release|iPhoneSimulator.Build.0 = Release|Any CPU
		{E3A41EEE-CB7F-446A-812E-45529B3DD7B1}.Release|iPhoneSimulator.Deploy.0 = Release|Any CPU
		{E3A41EEE-CB7F-446A-812E-45529B3DD7B1}.Release|x64.ActiveCfg = Release|Any CPU
		{E3A41EEE-CB7F-446A-812E-45529B3DD7B1}.Release|x64.Build.0 = Release|Any CPU
		{E3A41EEE-CB7F-446A-812E-45529B3DD7B1}.Release|x64.Deploy.0 = Release|Any CPU
		{E3A41EEE-CB7F-446A-812E-45529B3DD7B1}.Release|x86.ActiveCfg = Release|Any CPU
		{E3A41EEE-CB7F-446A-812E-45529B3DD7B1}.Release|x86.Build.0 = Release|Any CPU
		{E3A41EEE-CB7F-446A-812E-45529B3DD7B1}.Release|x86.Deploy.0 = Release|Any CPU
		{6231B10D-1302-4D38-B5E8-B0B197861F26}.Ad-Hoc|Any CPU.ActiveCfg = Ad-Hoc|iPhone
		{6231B10D-1302-4D38-B5E8-B0B197861F26}.Ad-Hoc|Any CPU.Build.0 = Ad-Hoc|iPhone
		{6231B10D-1302-4D38-B5E8-B0B197861F26}.Ad-Hoc|Any CPU.Deploy.0 = Ad-Hoc|iPhone
		{6231B10D-1302-4D38-B5E8-B0B197861F26}.Ad-Hoc|ARM.ActiveCfg = Ad-Hoc|iPhone
		{6231B10D-1302-4D38-B5E8-B0B197861F26}.Ad-Hoc|ARM.Build.0 = Ad-Hoc|iPhone
		{6231B10D-1302-4D38-B5E8-B0B197861F26}.Ad-Hoc|ARM.Deploy.0 = Ad-Hoc|iPhone
		{6231B10D-1302-4D38-B5E8-B0B197861F26}.Ad-Hoc|iPhone.ActiveCfg = Ad-Hoc|iPhone
		{6231B10D-1302-4D38-B5E8-B0B197861F26}.Ad-Hoc|iPhone.Build.0 = Ad-Hoc|iPhone
		{6231B10D-1302-4D38-B5E8-B0B197861F26}.Ad-Hoc|iPhone.Deploy.0 = Ad-Hoc|iPhone
		{6231B10D-1302-4D38-B5E8-B0B197861F26}.Ad-Hoc|iPhoneSimulator.ActiveCfg = Ad-Hoc|iPhoneSimulator
		{6231B10D-1302-4D38-B5E8-B0B197861F26}.Ad-Hoc|iPhoneSimulator.Build.0 = Ad-Hoc|iPhoneSimulator
		{6231B10D-1302-4D38-B5E8-B0B197861F26}.Ad-Hoc|iPhoneSimulator.Deploy.0 = Ad-Hoc|iPhoneSimulator
		{6231B10D-1302-4D38-B5E8-B0B197861F26}.Ad-Hoc|x64.ActiveCfg = Ad-Hoc|iPhone
		{6231B10D-1302-4D38-B5E8-B0B197861F26}.Ad-Hoc|x64.Build.0 = Ad-Hoc|iPhone
		{6231B10D-1302-4D38-B5E8-B0B197861F26}.Ad-Hoc|x64.Deploy.0 = Ad-Hoc|iPhone
		{6231B10D-1302-4D38-B5E8-B0B197861F26}.Ad-Hoc|x86.ActiveCfg = Ad-Hoc|iPhone
		{6231B10D-1302-4D38-B5E8-B0B197861F26}.Ad-Hoc|x86.Build.0 = Ad-Hoc|iPhone
		{6231B10D-1302-4D38-B5E8-B0B197861F26}.Ad-Hoc|x86.Deploy.0 = Ad-Hoc|iPhone
		{6231B10D-1302-4D38-B5E8-B0B197861F26}.AppStore|Any CPU.ActiveCfg = AppStore|iPhone
		{6231B10D-1302-4D38-B5E8-B0B197861F26}.AppStore|Any CPU.Build.0 = AppStore|iPhone
		{6231B10D-1302-4D38-B5E8-B0B197861F26}.AppStore|Any CPU.Deploy.0 = AppStore|iPhone
		{6231B10D-1302-4D38-B5E8-B0B197861F26}.AppStore|ARM.ActiveCfg = AppStore|iPhone
		{6231B10D-1302-4D38-B5E8-B0B197861F26}.AppStore|ARM.Build.0 = AppStore|iPhone
		{6231B10D-1302-4D38-B5E8-B0B197861F26}.AppStore|ARM.Deploy.0 = AppStore|iPhone
		{6231B10D-1302-4D38-B5E8-B0B197861F26}.AppStore|iPhone.ActiveCfg = AppStore|iPhone
		{6231B10D-1302-4D38-B5E8-B0B197861F26}.AppStore|iPhone.Build.0 = AppStore|iPhone
		{6231B10D-1302-4D38-B5E8-B0B197861F26}.AppStore|iPhone.Deploy.0 = AppStore|iPhone
		{6231B10D-1302-4D38-B5E8-B0B197861F26}.AppStore|iPhoneSimulator.ActiveCfg = AppStore|iPhoneSimulator
		{6231B10D-1302-4D38-B5E8-B0B197861F26}.AppStore|iPhoneSimulator.Build.0 = AppStore|iPhoneSimulator
		{6231B10D-1302-4D38-B5E8-B0B197861F26}.AppStore|iPhoneSimulator.Deploy.0 = AppStore|iPhoneSimulator
		{6231B10D-1302-4D38-B5E8-B0B197861F26}.AppStore|x64.ActiveCfg = AppStore|iPhone
		{6231B10D-1302-4D38-B5E8-B0B197861F26}.AppStore|x64.Build.0 = AppStore|iPhone
		{6231B10D-1302-4D38-B5E8-B0B197861F26}.AppStore|x64.Deploy.0 = AppStore|iPhone
		{6231B10D-1302-4D38-B5E8-B0B197861F26}.AppStore|x86.ActiveCfg = AppStore|iPhone
		{6231B10D-1302-4D38-B5E8-B0B197861F26}.AppStore|x86.Build.0 = AppStore|iPhone
		{6231B10D-1302-4D38-B5E8-B0B197861F26}.AppStore|x86.Deploy.0 = AppStore|iPhone
		{6231B10D-1302-4D38-B5E8-B0B197861F26}.Debug|Any CPU.ActiveCfg = Debug|iPhoneSimulator
		{6231B10D-1302-4D38-B5E8-B0B197861F26}.Debug|Any CPU.Build.0 = Debug|iPhoneSimulator
		{6231B10D-1302-4D38-B5E8-B0B197861F26}.Debug|Any CPU.Deploy.0 = Debug|iPhoneSimulator
		{6231B10D-1302-4D38-B5E8-B0B197861F26}.Debug|ARM.ActiveCfg = Debug|iPhone
		{6231B10D-1302-4D38-B5E8-B0B197861F26}.Debug|ARM.Build.0 = Debug|iPhone
		{6231B10D-1302-4D38-B5E8-B0B197861F26}.Debug|ARM.Deploy.0 = Debug|iPhone
		{6231B10D-1302-4D38-B5E8-B0B197861F26}.Debug|iPhone.ActiveCfg = Debug|iPhone
		{6231B10D-1302-4D38-B5E8-B0B197861F26}.Debug|iPhone.Build.0 = Debug|iPhone
		{6231B10D-1302-4D38-B5E8-B0B197861F26}.Debug|iPhone.Deploy.0 = Debug|iPhone
		{6231B10D-1302-4D38-B5E8-B0B197861F26}.Debug|iPhoneSimulator.ActiveCfg = Debug|iPhoneSimulator
		{6231B10D-1302-4D38-B5E8-B0B197861F26}.Debug|iPhoneSimulator.Build.0 = Debug|iPhoneSimulator
		{6231B10D-1302-4D38-B5E8-B0B197861F26}.Debug|iPhoneSimulator.Deploy.0 = Debug|iPhoneSimulator
		{6231B10D-1302-4D38-B5E8-B0B197861F26}.Debug|x64.ActiveCfg = Debug|iPhone
		{6231B10D-1302-4D38-B5E8-B0B197861F26}.Debug|x64.Build.0 = Debug|iPhone
		{6231B10D-1302-4D38-B5E8-B0B197861F26}.Debug|x64.Deploy.0 = Debug|iPhone
		{6231B10D-1302-4D38-B5E8-B0B197861F26}.Debug|x86.ActiveCfg = Debug|iPhone
		{6231B10D-1302-4D38-B5E8-B0B197861F26}.Debug|x86.Build.0 = Debug|iPhone
		{6231B10D-1302-4D38-B5E8-B0B197861F26}.Debug|x86.Deploy.0 = Debug|iPhone
		{6231B10D-1302-4D38-B5E8-B0B197861F26}.Release|Any CPU.ActiveCfg = Release|iPhone
		{6231B10D-1302-4D38-B5E8-B0B197861F26}.Release|Any CPU.Build.0 = Release|iPhone
		{6231B10D-1302-4D38-B5E8-B0B197861F26}.Release|Any CPU.Deploy.0 = Release|iPhone
		{6231B10D-1302-4D38-B5E8-B0B197861F26}.Release|ARM.ActiveCfg = Release|iPhone
		{6231B10D-1302-4D38-B5E8-B0B197861F26}.Release|ARM.Build.0 = Release|iPhone
		{6231B10D-1302-4D38-B5E8-B0B197861F26}.Release|ARM.Deploy.0 = Release|iPhone
		{6231B10D-1302-4D38-B5E8-B0B197861F26}.Release|iPhone.ActiveCfg = Release|iPhone
		{6231B10D-1302-4D38-B5E8-B0B197861F26}.Release|iPhone.Build.0 = Release|iPhone
		{6231B10D-1302-4D38-B5E8-B0B197861F26}.Release|iPhone.Deploy.0 = Release|iPhone
		{6231B10D-1302-4D38-B5E8-B0B197861F26}.Release|iPhoneSimulator.ActiveCfg = Release|iPhoneSimulator
		{6231B10D-1302-4D38-B5E8-B0B197861F26}.Release|iPhoneSimulator.Build.0 = Release|iPhoneSimulator
		{6231B10D-1302-4D38-B5E8-B0B197861F26}.Release|iPhoneSimulator.Deploy.0 = Release|iPhoneSimulator
		{6231B10D-1302-4D38-B5E8-B0B197861F26}.Release|x64.ActiveCfg = Release|iPhone
		{6231B10D-1302-4D38-B5E8-B0B197861F26}.Release|x64.Build.0 = Release|iPhone
		{6231B10D-1302-4D38-B5E8-B0B197861F26}.Release|x64.Deploy.0 = Release|iPhone
		{6231B10D-1302-4D38-B5E8-B0B197861F26}.Release|x86.ActiveCfg = Release|iPhone
		{6231B10D-1302-4D38-B5E8-B0B197861F26}.Release|x86.Build.0 = Release|iPhone
		{6231B10D-1302-4D38-B5E8-B0B197861F26}.Release|x86.Deploy.0 = Release|iPhone
		{E5C436E0-A8D8-4812-A6CC-6C30B915785F}.Ad-Hoc|Any CPU.ActiveCfg = Release|x86
		{E5C436E0-A8D8-4812-A6CC-6C30B915785F}.Ad-Hoc|Any CPU.Build.0 = Release|x86
		{E5C436E0-A8D8-4812-A6CC-6C30B915785F}.Ad-Hoc|Any CPU.Deploy.0 = Release|x86
		{E5C436E0-A8D8-4812-A6CC-6C30B915785F}.Ad-Hoc|ARM.ActiveCfg = Release|ARM
		{E5C436E0-A8D8-4812-A6CC-6C30B915785F}.Ad-Hoc|ARM.Build.0 = Release|ARM
		{E5C436E0-A8D8-4812-A6CC-6C30B915785F}.Ad-Hoc|ARM.Deploy.0 = Release|ARM
		{E5C436E0-A8D8-4812-A6CC-6C30B915785F}.Ad-Hoc|iPhone.ActiveCfg = Release|x86
		{E5C436E0-A8D8-4812-A6CC-6C30B915785F}.Ad-Hoc|iPhone.Build.0 = Release|x86
		{E5C436E0-A8D8-4812-A6CC-6C30B915785F}.Ad-Hoc|iPhone.Deploy.0 = Release|x86
		{E5C436E0-A8D8-4812-A6CC-6C30B915785F}.Ad-Hoc|iPhoneSimulator.ActiveCfg = Release|x86
		{E5C436E0-A8D8-4812-A6CC-6C30B915785F}.Ad-Hoc|iPhoneSimulator.Build.0 = Release|x86
		{E5C436E0-A8D8-4812-A6CC-6C30B915785F}.Ad-Hoc|iPhoneSimulator.Deploy.0 = Release|x86
		{E5C436E0-A8D8-4812-A6CC-6C30B915785F}.Ad-Hoc|x64.ActiveCfg = Release|x64
		{E5C436E0-A8D8-4812-A6CC-6C30B915785F}.Ad-Hoc|x64.Build.0 = Release|x64
		{E5C436E0-A8D8-4812-A6CC-6C30B915785F}.Ad-Hoc|x64.Deploy.0 = Release|x64
		{E5C436E0-A8D8-4812-A6CC-6C30B915785F}.Ad-Hoc|x86.ActiveCfg = Release|x86
		{E5C436E0-A8D8-4812-A6CC-6C30B915785F}.Ad-Hoc|x86.Build.0 = Release|x86
		{E5C436E0-A8D8-4812-A6CC-6C30B915785F}.Ad-Hoc|x86.Deploy.0 = Release|x86
		{E5C436E0-A8D8-4812-A6CC-6C30B915785F}.AppStore|Any CPU.ActiveCfg = Release|x86
		{E5C436E0-A8D8-4812-A6CC-6C30B915785F}.AppStore|Any CPU.Build.0 = Release|x86
		{E5C436E0-A8D8-4812-A6CC-6C30B915785F}.AppStore|Any CPU.Deploy.0 = Release|x86
		{E5C436E0-A8D8-4812-A6CC-6C30B915785F}.AppStore|ARM.ActiveCfg = Release|ARM
		{E5C436E0-A8D8-4812-A6CC-6C30B915785F}.AppStore|ARM.Build.0 = Release|ARM
		{E5C436E0-A8D8-4812-A6CC-6C30B915785F}.AppStore|ARM.Deploy.0 = Release|ARM
		{E5C436E0-A8D8-4812-A6CC-6C30B915785F}.AppStore|iPhone.ActiveCfg = Release|x86
		{E5C436E0-A8D8-4812-A6CC-6C30B915785F}.AppStore|iPhone.Build.0 = Release|x86
		{E5C436E0-A8D8-4812-A6CC-6C30B915785F}.AppStore|iPhone.Deploy.0 = Release|x86
		{E5C436E0-A8D8-4812-A6CC-6C30B915785F}.AppStore|iPhoneSimulator.ActiveCfg = Release|x86
		{E5C436E0-A8D8-4812-A6CC-6C30B915785F}.AppStore|iPhoneSimulator.Build.0 = Release|x86
		{E5C436E0-A8D8-4812-A6CC-6C30B915785F}.AppStore|iPhoneSimulator.Deploy.0 = Release|x86
		{E5C436E0-A8D8-4812-A6CC-6C30B915785F}.AppStore|x64.ActiveCfg = Release|x64
		{E5C436E0-A8D8-4812-A6CC-6C30B915785F}.AppStore|x64.Build.0 = Release|x64
		{E5C436E0-A8D8-4812-A6CC-6C30B915785F}.AppStore|x64.Deploy.0 = Release|x64
		{E5C436E0-A8D8-4812-A6CC-6C30B915785F}.AppStore|x86.ActiveCfg = Release|x86
		{E5C436E0-A8D8-4812-A6CC-6C30B915785F}.AppStore|x86.Build.0 = Release|x86
		{E5C436E0-A8D8-4812-A6CC-6C30B915785F}.AppStore|x86.Deploy.0 = Release|x86
		{E5C436E0-A8D8-4812-A6CC-6C30B915785F}.Debug|Any CPU.ActiveCfg = Debug|x86
		{E5C436E0-A8D8-4812-A6CC-6C30B915785F}.Debug|Any CPU.Build.0 = Debug|x86
		{E5C436E0-A8D8-4812-A6CC-6C30B915785F}.Debug|Any CPU.Deploy.0 = Debug|x86
		{E5C436E0-A8D8-4812-A6CC-6C30B915785F}.Debug|ARM.ActiveCfg = Debug|ARM
		{E5C436E0-A8D8-4812-A6CC-6C30B915785F}.Debug|ARM.Build.0 = Debug|ARM
		{E5C436E0-A8D8-4812-A6CC-6C30B915785F}.Debug|ARM.Deploy.0 = Debug|ARM
		{E5C436E0-A8D8-4812-A6CC-6C30B915785F}.Debug|iPhone.ActiveCfg = Debug|x86
		{E5C436E0-A8D8-4812-A6CC-6C30B915785F}.Debug|iPhone.Build.0 = Debug|x86
		{E5C436E0-A8D8-4812-A6CC-6C30B915785F}.Debug|iPhone.Deploy.0 = Debug|x86
		{E5C436E0-A8D8-4812-A6CC-6C30B915785F}.Debug|iPhoneSimulator.ActiveCfg = Debug|x86
		{E5C436E0-A8D8-4812-A6CC-6C30B915785F}.Debug|iPhoneSimulator.Build.0 = Debug|x86
		{E5C436E0-A8D8-4812-A6CC-6C30B915785F}.Debug|iPhoneSimulator.Deploy.0 = Debug|x86
		{E5C436E0-A8D8-4812-A6CC-6C30B915785F}.Debug|x64.ActiveCfg = Debug|x64
		{E5C436E0-A8D8-4812-A6CC-6C30B915785F}.Debug|x64.Build.0 = Debug|x64
		{E5C436E0-A8D8-4812-A6CC-6C30B915785F}.Debug|x64.Deploy.0 = Debug|x64
		{E5C436E0-A8D8-4812-A6CC-6C30B915785F}.Debug|x86.ActiveCfg = Debug|x86
		{E5C436E0-A8D8-4812-A6CC-6C30B915785F}.Debug|x86.Build.0 = Debug|x86
		{E5C436E0-A8D8-4812-A6CC-6C30B915785F}.Debug|x86.Deploy.0 = Debug|x86
		{E5C436E0-A8D8-4812-A6CC-6C30B915785F}.Release|Any CPU.ActiveCfg = Release|x86
		{E5C436E0-A8D8-4812-A6CC-6C30B915785F}.Release|Any CPU.Build.0 = Release|x86
		{E5C436E0-A8D8-4812-A6CC-6C30B915785F}.Release|Any CPU.Deploy.0 = Release|x86
		{E5C436E0-A8D8-4812-A6CC-6C30B915785F}.Release|ARM.ActiveCfg = Release|ARM
		{E5C436E0-A8D8-4812-A6CC-6C30B915785F}.Release|ARM.Build.0 = Release|ARM
		{E5C436E0-A8D8-4812-A6CC-6C30B915785F}.Release|ARM.Deploy.0 = Release|ARM
		{E5C436E0-A8D8-4812-A6CC-6C30B915785F}.Release|iPhone.ActiveCfg = Release|x86
		{E5C436E0-A8D8-4812-A6CC-6C30B915785F}.Release|iPhone.Build.0 = Release|x86
		{E5C436E0-A8D8-4812-A6CC-6C30B915785F}.Release|iPhone.Deploy.0 = Release|x86
		{E5C436E0-A8D8-4812-A6CC-6C30B915785F}.Release|iPhoneSimulator.ActiveCfg = Release|x86
		{E5C436E0-A8D8-4812-A6CC-6C30B915785F}.Release|iPhoneSimulator.Build.0 = Release|x86
		{E5C436E0-A8D8-4812-A6CC-6C30B915785F}.Release|iPhoneSimulator.Deploy.0 = Release|x86
		{E5C436E0-A8D8-4812-A6CC-6C30B915785F}.Release|x64.ActiveCfg = Release|x64
		{E5C436E0-A8D8-4812-A6CC-6C30B915785F}.Release|x64.Build.0 = Release|x64
		{E5C436E0-A8D8-4812-A6CC-6C30B915785F}.Release|x64.Deploy.0 = Release|x64
		{E5C436E0-A8D8-4812-A6CC-6C30B915785F}.Release|x86.ActiveCfg = Release|x86
		{E5C436E0-A8D8-4812-A6CC-6C30B915785F}.Release|x86.Build.0 = Release|x86
		{E5C436E0-A8D8-4812-A6CC-6C30B915785F}.Release|x86.Deploy.0 = Release|x86
		{43F71299-FAEB-4C9C-9603-8EF22D2E62AB}.Ad-Hoc|Any CPU.ActiveCfg = Debug|Any CPU
		{43F71299-FAEB-4C9C-9603-8EF22D2E62AB}.Ad-Hoc|Any CPU.Build.0 = Debug|Any CPU
		{43F71299-FAEB-4C9C-9603-8EF22D2E62AB}.Ad-Hoc|Any CPU.Deploy.0 = Debug|Any CPU
		{43F71299-FAEB-4C9C-9603-8EF22D2E62AB}.Ad-Hoc|ARM.ActiveCfg = Debug|Any CPU
		{43F71299-FAEB-4C9C-9603-8EF22D2E62AB}.Ad-Hoc|ARM.Build.0 = Debug|Any CPU
		{43F71299-FAEB-4C9C-9603-8EF22D2E62AB}.Ad-Hoc|ARM.Deploy.0 = Debug|Any CPU
		{43F71299-FAEB-4C9C-9603-8EF22D2E62AB}.Ad-Hoc|iPhone.ActiveCfg = Debug|Any CPU
		{43F71299-FAEB-4C9C-9603-8EF22D2E62AB}.Ad-Hoc|iPhone.Build.0 = Debug|Any CPU
		{43F71299-FAEB-4C9C-9603-8EF22D2E62AB}.Ad-Hoc|iPhone.Deploy.0 = Debug|Any CPU
		{43F71299-FAEB-4C9C-9603-8EF22D2E62AB}.Ad-Hoc|iPhoneSimulator.ActiveCfg = Debug|Any CPU
		{43F71299-FAEB-4C9C-9603-8EF22D2E62AB}.Ad-Hoc|iPhoneSimulator.Build.0 = Debug|Any CPU
		{43F71299-FAEB-4C9C-9603-8EF22D2E62AB}.Ad-Hoc|iPhoneSimulator.Deploy.0 = Debug|Any CPU
		{43F71299-FAEB-4C9C-9603-8EF22D2E62AB}.Ad-Hoc|x64.ActiveCfg = Debug|Any CPU
		{43F71299-FAEB-4C9C-9603-8EF22D2E62AB}.Ad-Hoc|x64.Build.0 = Debug|Any CPU
		{43F71299-FAEB-4C9C-9603-8EF22D2E62AB}.Ad-Hoc|x64.Deploy.0 = Debug|Any CPU
		{43F71299-FAEB-4C9C-9603-8EF22D2E62AB}.Ad-Hoc|x86.ActiveCfg = Debug|Any CPU
		{43F71299-FAEB-4C9C-9603-8EF22D2E62AB}.Ad-Hoc|x86.Build.0 = Debug|Any CPU
		{43F71299-FAEB-4C9C-9603-8EF22D2E62AB}.Ad-Hoc|x86.Deploy.0 = Debug|Any CPU
		{43F71299-FAEB-4C9C-9603-8EF22D2E62AB}.AppStore|Any CPU.ActiveCfg = Debug|Any CPU
		{43F71299-FAEB-4C9C-9603-8EF22D2E62AB}.AppStore|Any CPU.Build.0 = Debug|Any CPU
		{43F71299-FAEB-4C9C-9603-8EF22D2E62AB}.AppStore|Any CPU.Deploy.0 = Debug|Any CPU
		{43F71299-FAEB-4C9C-9603-8EF22D2E62AB}.AppStore|ARM.ActiveCfg = Debug|Any CPU
		{43F71299-FAEB-4C9C-9603-8EF22D2E62AB}.AppStore|ARM.Build.0 = Debug|Any CPU
		{43F71299-FAEB-4C9C-9603-8EF22D2E62AB}.AppStore|ARM.Deploy.0 = Debug|Any CPU
		{43F71299-FAEB-4C9C-9603-8EF22D2E62AB}.AppStore|iPhone.ActiveCfg = Debug|Any CPU
		{43F71299-FAEB-4C9C-9603-8EF22D2E62AB}.AppStore|iPhone.Build.0 = Debug|Any CPU
		{43F71299-FAEB-4C9C-9603-8EF22D2E62AB}.AppStore|iPhone.Deploy.0 = Debug|Any CPU
		{43F71299-FAEB-4C9C-9603-8EF22D2E62AB}.AppStore|iPhoneSimulator.ActiveCfg = Debug|Any CPU
		{43F71299-FAEB-4C9C-9603-8EF22D2E62AB}.AppStore|iPhoneSimulator.Build.0 = Debug|Any CPU
		{43F71299-FAEB-4C9C-9603-8EF22D2E62AB}.AppStore|iPhoneSimulator.Deploy.0 = Debug|Any CPU
		{43F71299-FAEB-4C9C-9603-8EF22D2E62AB}.AppStore|x64.ActiveCfg = Debug|Any CPU
		{43F71299-FAEB-4C9C-9603-8EF22D2E62AB}.AppStore|x64.Build.0 = Debug|Any CPU
		{43F71299-FAEB-4C9C-9603-8EF22D2E62AB}.AppStore|x64.Deploy.0 = Debug|Any CPU
		{43F71299-FAEB-4C9C-9603-8EF22D2E62AB}.AppStore|x86.ActiveCfg = Debug|Any CPU
		{43F71299-FAEB-4C9C-9603-8EF22D2E62AB}.AppStore|x86.Build.0 = Debug|Any CPU
		{43F71299-FAEB-4C9C-9603-8EF22D2E62AB}.AppStore|x86.Deploy.0 = Debug|Any CPU
		{43F71299-FAEB-4C9C-9603-8EF22D2E62AB}.Debug|Any CPU.ActiveCfg = Debug|Any CPU
		{43F71299-FAEB-4C9C-9603-8EF22D2E62AB}.Debug|Any CPU.Build.0 = Debug|Any CPU
		{43F71299-FAEB-4C9C-9603-8EF22D2E62AB}.Debug|Any CPU.Deploy.0 = Debug|Any CPU
		{43F71299-FAEB-4C9C-9603-8EF22D2E62AB}.Debug|ARM.ActiveCfg = Debug|Any CPU
		{43F71299-FAEB-4C9C-9603-8EF22D2E62AB}.Debug|ARM.Build.0 = Debug|Any CPU
		{43F71299-FAEB-4C9C-9603-8EF22D2E62AB}.Debug|ARM.Deploy.0 = Debug|Any CPU
		{43F71299-FAEB-4C9C-9603-8EF22D2E62AB}.Debug|iPhone.ActiveCfg = Debug|Any CPU
		{43F71299-FAEB-4C9C-9603-8EF22D2E62AB}.Debug|iPhone.Build.0 = Debug|Any CPU
		{43F71299-FAEB-4C9C-9603-8EF22D2E62AB}.Debug|iPhone.Deploy.0 = Debug|Any CPU
		{43F71299-FAEB-4C9C-9603-8EF22D2E62AB}.Debug|iPhoneSimulator.ActiveCfg = Debug|Any CPU
		{43F71299-FAEB-4C9C-9603-8EF22D2E62AB}.Debug|iPhoneSimulator.Build.0 = Debug|Any CPU
		{43F71299-FAEB-4C9C-9603-8EF22D2E62AB}.Debug|iPhoneSimulator.Deploy.0 = Debug|Any CPU
		{43F71299-FAEB-4C9C-9603-8EF22D2E62AB}.Debug|x64.ActiveCfg = Debug|Any CPU
		{43F71299-FAEB-4C9C-9603-8EF22D2E62AB}.Debug|x64.Build.0 = Debug|Any CPU
		{43F71299-FAEB-4C9C-9603-8EF22D2E62AB}.Debug|x64.Deploy.0 = Debug|Any CPU
		{43F71299-FAEB-4C9C-9603-8EF22D2E62AB}.Debug|x86.ActiveCfg = Debug|Any CPU
		{43F71299-FAEB-4C9C-9603-8EF22D2E62AB}.Debug|x86.Build.0 = Debug|Any CPU
		{43F71299-FAEB-4C9C-9603-8EF22D2E62AB}.Debug|x86.Deploy.0 = Debug|Any CPU
		{43F71299-FAEB-4C9C-9603-8EF22D2E62AB}.Release|Any CPU.ActiveCfg = Release|Any CPU
		{43F71299-FAEB-4C9C-9603-8EF22D2E62AB}.Release|Any CPU.Build.0 = Release|Any CPU
		{43F71299-FAEB-4C9C-9603-8EF22D2E62AB}.Release|Any CPU.Deploy.0 = Release|Any CPU
		{43F71299-FAEB-4C9C-9603-8EF22D2E62AB}.Release|ARM.ActiveCfg = Release|Any CPU
		{43F71299-FAEB-4C9C-9603-8EF22D2E62AB}.Release|ARM.Build.0 = Release|Any CPU
		{43F71299-FAEB-4C9C-9603-8EF22D2E62AB}.Release|ARM.Deploy.0 = Release|Any CPU
		{43F71299-FAEB-4C9C-9603-8EF22D2E62AB}.Release|iPhone.ActiveCfg = Release|Any CPU
		{43F71299-FAEB-4C9C-9603-8EF22D2E62AB}.Release|iPhone.Build.0 = Release|Any CPU
		{43F71299-FAEB-4C9C-9603-8EF22D2E62AB}.Release|iPhone.Deploy.0 = Release|Any CPU
		{43F71299-FAEB-4C9C-9603-8EF22D2E62AB}.Release|iPhoneSimulator.ActiveCfg = Release|Any CPU
		{43F71299-FAEB-4C9C-9603-8EF22D2E62AB}.Release|iPhoneSimulator.Build.0 = Release|Any CPU
		{43F71299-FAEB-4C9C-9603-8EF22D2E62AB}.Release|iPhoneSimulator.Deploy.0 = Release|Any CPU
		{43F71299-FAEB-4C9C-9603-8EF22D2E62AB}.Release|x64.ActiveCfg = Release|Any CPU
		{43F71299-FAEB-4C9C-9603-8EF22D2E62AB}.Release|x64.Build.0 = Release|Any CPU
		{43F71299-FAEB-4C9C-9603-8EF22D2E62AB}.Release|x64.Deploy.0 = Release|Any CPU
		{43F71299-FAEB-4C9C-9603-8EF22D2E62AB}.Release|x86.ActiveCfg = Release|Any CPU
		{43F71299-FAEB-4C9C-9603-8EF22D2E62AB}.Release|x86.Build.0 = Release|Any CPU
		{43F71299-FAEB-4C9C-9603-8EF22D2E62AB}.Release|x86.Deploy.0 = Release|Any CPU
	EndGlobalSection
	GlobalSection(SolutionProperties) = preSolution
		HideSolutionNode = FALSE
	EndGlobalSection
	GlobalSection(ExtensibilityGlobals) = postSolution
		SolutionGuid = {CC70503D-34BB-4F78-B47D-F425777C2993}
	EndGlobalSection
EndGlobal
